
Microsoft Visual Studio Solution File, Format Version 12.00
# Visual Studio Version 16
VisualStudioVersion = 16.0.30225.117
MinimumVisualStudioVersion = 10.0.40219.1
Project("{FAE04EC0-301F-11D3-BF4B-00C04F79EFBC}") = "DictionaryExample", "DictionaryExample\DictionaryExample.csproj", "{AD896988-DB51-44C9-94D1-FE64C4681EE5}"
EndProject
Global
	GlobalSection(SolutionConfigurationPlatforms) = preSolution
		Debug|Any CPU = Debug|Any CPU
		Release|Any CPU = Release|Any CPU
	EndGlobalSection
	GlobalSection(ProjectConfigurationPlatforms) = postSolution
		{AD896988-DB51-44C9-94D1-FE64C4681EE5}.Debug|Any CPU.ActiveCfg = Debug|Any CPU
		{AD896988-DB51-44C9-94D1-FE64C4681EE5}.Debug|Any CPU.Build.0 = Debug|Any CPU
		{AD896988-DB51-44C9-94D1-FE64C4681EE5}.Release|Any CPU.ActiveCfg = Release|Any CPU
		{AD896988-DB51-44C9-94D1-FE64C4681EE5}.Release|Any CPU.Build.0 = Release|Any CPU
	EndGlobalSection
	GlobalSection(SolutionProperties) = preSolution
		HideSolutionNode = FALSE
	EndGlobalSection
	GlobalSection(ExtensibilityGlobals) = postSolution
		SolutionGuid = {D1297154-828A-48C5-8E20-826882192F1E}
	EndGlobalSection
EndGlobal
