
Microsoft Visual Studio Solution File, Format Version 12.00
# Visual Studio Version 16
VisualStudioVersion = 16.0.30225.117
MinimumVisualStudioVersion = 10.0.40219.1
Project("{FAE04EC0-301F-11D3-BF4B-00C04F79EFBC}") = "ReadFile_ManipulateData_CreateFile", "ReadFile_ManipulateData_CreateFile\ReadFile_ManipulateData_CreateFile.csproj", "{60F48A3F-994E-4A38-91A2-088CF5650034}"
EndProject
Project("{FAE04EC0-301F-11D3-BF4B-00C04F79EFBC}") = "UnitTests", "UnitTests\UnitTests.csproj", "{1E11788D-BA4C-47CE-A3C6-8ACB6588D2FA}"
EndProject
Global
	GlobalSection(SolutionConfigurationPlatforms) = preSolution
		Debug|Any CPU = Debug|Any CPU
		Release|Any CPU = Release|Any CPU
	EndGlobalSection
	GlobalSection(ProjectConfigurationPlatforms) = postSolution
		{60F48A3F-994E-4A38-91A2-088CF5650034}.Debug|Any CPU.ActiveCfg = Debug|Any CPU
		{60F48A3F-994E-4A38-91A2-088CF5650034}.Debug|Any CPU.Build.0 = Debug|Any CPU
		{60F48A3F-994E-4A38-91A2-088CF5650034}.Release|Any CPU.ActiveCfg = Release|Any CPU
		{60F48A3F-994E-4A38-91A2-088CF5650034}.Release|Any CPU.Build.0 = Release|Any CPU
		{1E11788D-BA4C-47CE-A3C6-8ACB6588D2FA}.Debug|Any CPU.ActiveCfg = Debug|Any CPU
		{1E11788D-BA4C-47CE-A3C6-8ACB6588D2FA}.Debug|Any CPU.Build.0 = Debug|Any CPU
		{1E11788D-BA4C-47CE-A3C6-8ACB6588D2FA}.Release|Any CPU.ActiveCfg = Release|Any CPU
		{1E11788D-BA4C-47CE-A3C6-8ACB6588D2FA}.Release|Any CPU.Build.0 = Release|Any CPU
	EndGlobalSection
	GlobalSection(SolutionProperties) = preSolution
		HideSolutionNode = FALSE
	EndGlobalSection
	GlobalSection(ExtensibilityGlobals) = postSolution
		SolutionGuid = {6F8D1A1A-D27C-4EB4-8873-0AD60AA98CB2}
	EndGlobalSection
EndGlobal
