
Microsoft Visual Studio Solution File, Format Version 12.00
# Visual Studio 15
VisualStudioVersion = 15.0.28307.960
MinimumVisualStudioVersion = 10.0.40219.1
Project("{FAE04EC0-301F-11D3-BF4B-00C04F79EFBC}") = "HumanBeings", "HumanBeings.csproj", "{A64CFB84-DADA-4FB0-A18A-ED60F2DE469A}"
EndProject
Project("{FAE04EC0-301F-11D3-BF4B-00C04F79EFBC}") = "HumanBeings.Tests", "..\NUnitTestProject1\HumanBeings.Tests.csproj", "{4CA4FEE7-3E9F-4247-A27C-AD10A5EE910F}"
EndProject
Global
	GlobalSection(SolutionConfigurationPlatforms) = preSolution
		Debug|Any CPU = Debug|Any CPU
		Release|Any CPU = Release|Any CPU
	EndGlobalSection
	GlobalSection(ProjectConfigurationPlatforms) = postSolution
		{A64CFB84-DADA-4FB0-A18A-ED60F2DE469A}.Debug|Any CPU.ActiveCfg = Debug|Any CPU
		{A64CFB84-DADA-4FB0-A18A-ED60F2DE469A}.Debug|Any CPU.Build.0 = Debug|Any CPU
		{A64CFB84-DADA-4FB0-A18A-ED60F2DE469A}.Release|Any CPU.ActiveCfg = Release|Any CPU
		{A64CFB84-DADA-4FB0-A18A-ED60F2DE469A}.Release|Any CPU.Build.0 = Release|Any CPU
		{4CA4FEE7-3E9F-4247-A27C-AD10A5EE910F}.Debug|Any CPU.ActiveCfg = Debug|Any CPU
		{4CA4FEE7-3E9F-4247-A27C-AD10A5EE910F}.Debug|Any CPU.Build.0 = Debug|Any CPU
		{4CA4FEE7-3E9F-4247-A27C-AD10A5EE910F}.Release|Any CPU.ActiveCfg = Release|Any CPU
		{4CA4FEE7-3E9F-4247-A27C-AD10A5EE910F}.Release|Any CPU.Build.0 = Release|Any CPU
	EndGlobalSection
	GlobalSection(SolutionProperties) = preSolution
		HideSolutionNode = FALSE
	EndGlobalSection
	GlobalSection(ExtensibilityGlobals) = postSolution
		SolutionGuid = {09EBB343-E69D-4916-9FDD-C5F20D6E5C9C}
	EndGlobalSection
EndGlobal
