
Microsoft Visual Studio Solution File, Format Version 12.00
# Visual Studio Version 16
VisualStudioVersion = 16.0.30611.23
MinimumVisualStudioVersion = 10.0.40219.1
Project("{FAE04EC0-301F-11D3-BF4B-00C04F79EFBC}") = "gui-demo", "gui-demo\gui-demo.csproj", "{ACD4FFB7-3E20-4F47-8A6E-C655544F54F2}"
EndProject
Global
	GlobalSection(SolutionConfigurationPlatforms) = preSolution
		Debug|Any CPU = Debug|Any CPU
		Release|Any CPU = Release|Any CPU
	EndGlobalSection
	GlobalSection(ProjectConfigurationPlatforms) = postSolution
		{ACD4FFB7-3E20-4F47-8A6E-C655544F54F2}.Debug|Any CPU.ActiveCfg = Debug|Any CPU
		{ACD4FFB7-3E20-4F47-8A6E-C655544F54F2}.Debug|Any CPU.Build.0 = Debug|Any CPU
		{ACD4FFB7-3E20-4F47-8A6E-C655544F54F2}.Release|Any CPU.ActiveCfg = Release|Any CPU
		{ACD4FFB7-3E20-4F47-8A6E-C655544F54F2}.Release|Any CPU.Build.0 = Release|Any CPU
	EndGlobalSection
	GlobalSection(SolutionProperties) = preSolution
		HideSolutionNode = FALSE
	EndGlobalSection
	GlobalSection(ExtensibilityGlobals) = postSolution
		SolutionGuid = {00BB4A4A-2CA7-4096-BE81-3894F7A1E56D}
	EndGlobalSection
EndGlobal
