
Microsoft Visual Studio Solution File, Format Version 12.00
# Visual Studio Version 16
VisualStudioVersion = 16.0.30611.23
MinimumVisualStudioVersion = 10.0.40219.1
Project("{FAE04EC0-301F-11D3-BF4B-00C04F79EFBC}") = "WeatherReport", "WeatherReport\WeatherReport.csproj", "{5736EA30-B140-4264-99B8-396AADDDE89D}"
EndProject
Project("{FAE04EC0-301F-11D3-BF4B-00C04F79EFBC}") = "WeatherReport.Tests", "WeatherReport.Tests\WeatherReport.Tests.csproj", "{F1DBFE64-2025-43B3-AC50-C7F7225AB62B}"
EndProject
Global
	GlobalSection(SolutionConfigurationPlatforms) = preSolution
		Debug|Any CPU = Debug|Any CPU
		Release|Any CPU = Release|Any CPU
	EndGlobalSection
	GlobalSection(ProjectConfigurationPlatforms) = postSolution
		{5736EA30-B140-4264-99B8-396AADDDE89D}.Debug|Any CPU.ActiveCfg = Debug|Any CPU
		{5736EA30-B140-4264-99B8-396AADDDE89D}.Debug|Any CPU.Build.0 = Debug|Any CPU
		{5736EA30-B140-4264-99B8-396AADDDE89D}.Release|Any CPU.ActiveCfg = Release|Any CPU
		{5736EA30-B140-4264-99B8-396AADDDE89D}.Release|Any CPU.Build.0 = Release|Any CPU
		{F1DBFE64-2025-43B3-AC50-C7F7225AB62B}.Debug|Any CPU.ActiveCfg = Debug|Any CPU
		{F1DBFE64-2025-43B3-AC50-C7F7225AB62B}.Debug|Any CPU.Build.0 = Debug|Any CPU
		{F1DBFE64-2025-43B3-AC50-C7F7225AB62B}.Release|Any CPU.ActiveCfg = Release|Any CPU
		{F1DBFE64-2025-43B3-AC50-C7F7225AB62B}.Release|Any CPU.Build.0 = Release|Any CPU
	EndGlobalSection
	GlobalSection(SolutionProperties) = preSolution
		HideSolutionNode = FALSE
	EndGlobalSection
	GlobalSection(ExtensibilityGlobals) = postSolution
		SolutionGuid = {6C40FC85-3FB7-44CF-B819-176D4A0A5C83}
	EndGlobalSection
EndGlobal
