
Microsoft Visual Studio Solution File, Format Version 12.00
# Visual Studio Version 16
VisualStudioVersion = 16.0.30225.117
MinimumVisualStudioVersion = 10.0.40219.1
Project("{FAE04EC0-301F-11D3-BF4B-00C04F79EFBC}") = "ConsoleApp1", "ConsoleApp1\ConsoleApp1.csproj", "{7516FD75-EE93-492D-BB1B-41A41AE3351E}"
EndProject
Project("{FAE04EC0-301F-11D3-BF4B-00C04F79EFBC}") = "UnitTests", "UnitTests\UnitTests.csproj", "{72EE82B4-F57A-4827-948C-BE325125A2EB}"
EndProject
Global
	GlobalSection(SolutionConfigurationPlatforms) = preSolution
		Debug|Any CPU = Debug|Any CPU
		Release|Any CPU = Release|Any CPU
	EndGlobalSection
	GlobalSection(ProjectConfigurationPlatforms) = postSolution
		{7516FD75-EE93-492D-BB1B-41A41AE3351E}.Debug|Any CPU.ActiveCfg = Debug|Any CPU
		{7516FD75-EE93-492D-BB1B-41A41AE3351E}.Debug|Any CPU.Build.0 = Debug|Any CPU
		{7516FD75-EE93-492D-BB1B-41A41AE3351E}.Release|Any CPU.ActiveCfg = Release|Any CPU
		{7516FD75-EE93-492D-BB1B-41A41AE3351E}.Release|Any CPU.Build.0 = Release|Any CPU
		{72EE82B4-F57A-4827-948C-BE325125A2EB}.Debug|Any CPU.ActiveCfg = Debug|Any CPU
		{72EE82B4-F57A-4827-948C-BE325125A2EB}.Debug|Any CPU.Build.0 = Debug|Any CPU
		{72EE82B4-F57A-4827-948C-BE325125A2EB}.Release|Any CPU.ActiveCfg = Release|Any CPU
		{72EE82B4-F57A-4827-948C-BE325125A2EB}.Release|Any CPU.Build.0 = Release|Any CPU
	EndGlobalSection
	GlobalSection(SolutionProperties) = preSolution
		HideSolutionNode = FALSE
	EndGlobalSection
	GlobalSection(ExtensibilityGlobals) = postSolution
		SolutionGuid = {C90FE9B9-952B-41B9-B366-9C5D82E9AF6B}
	EndGlobalSection
EndGlobal
