
Microsoft Visual Studio Solution File, Format Version 12.00
# Visual Studio Version 16
VisualStudioVersion = 16.0.30225.117
MinimumVisualStudioVersion = 10.0.40219.1
Project("{FAE04EC0-301F-11D3-BF4B-00C04F79EFBC}") = "FruitSmoothie", "ConsoleApp1\FruitSmoothie.csproj", "{A32B884E-E2A9-4F40-B2F2-50C72DE19873}"
EndProject
Project("{FAE04EC0-301F-11D3-BF4B-00C04F79EFBC}") = "FruitSmoothie.UnitTests", "FruitSmoothie.UnitTests\FruitSmoothie.UnitTests.csproj", "{95697B19-256B-4809-9E20-5CB7FC0D5537}"
EndProject
Global
	GlobalSection(SolutionConfigurationPlatforms) = preSolution
		Debug|Any CPU = Debug|Any CPU
		Release|Any CPU = Release|Any CPU
	EndGlobalSection
	GlobalSection(ProjectConfigurationPlatforms) = postSolution
		{A32B884E-E2A9-4F40-B2F2-50C72DE19873}.Debug|Any CPU.ActiveCfg = Debug|Any CPU
		{A32B884E-E2A9-4F40-B2F2-50C72DE19873}.Debug|Any CPU.Build.0 = Debug|Any CPU
		{A32B884E-E2A9-4F40-B2F2-50C72DE19873}.Release|Any CPU.ActiveCfg = Release|Any CPU
		{A32B884E-E2A9-4F40-B2F2-50C72DE19873}.Release|Any CPU.Build.0 = Release|Any CPU
		{95697B19-256B-4809-9E20-5CB7FC0D5537}.Debug|Any CPU.ActiveCfg = Debug|Any CPU
		{95697B19-256B-4809-9E20-5CB7FC0D5537}.Debug|Any CPU.Build.0 = Debug|Any CPU
		{95697B19-256B-4809-9E20-5CB7FC0D5537}.Release|Any CPU.ActiveCfg = Release|Any CPU
		{95697B19-256B-4809-9E20-5CB7FC0D5537}.Release|Any CPU.Build.0 = Release|Any CPU
	EndGlobalSection
	GlobalSection(SolutionProperties) = preSolution
		HideSolutionNode = FALSE
	EndGlobalSection
	GlobalSection(ExtensibilityGlobals) = postSolution
		SolutionGuid = {A4CA195E-3796-4C04-B280-66E034CC1C97}
	EndGlobalSection
EndGlobal
