
Microsoft Visual Studio Solution File, Format Version 12.00
# Visual Studio 15
VisualStudioVersion = 15.0.28307.960
MinimumVisualStudioVersion = 10.0.40219.1
Project("{FAE04EC0-301F-11D3-BF4B-00C04F79EFBC}") = "BankSystem", "BankSystem.csproj", "{8D6F5D69-4B55-4351-91BE-0916B0EC3214}"
EndProject
Project("{FAE04EC0-301F-11D3-BF4B-00C04F79EFBC}") = "BankSystemTests", "..\BankSystemTests\BankSystemTests.csproj", "{A4150FC9-17D8-4348-900B-7E2A0A764F07}"
EndProject
Global
	GlobalSection(SolutionConfigurationPlatforms) = preSolution
		Debug|Any CPU = Debug|Any CPU
		Release|Any CPU = Release|Any CPU
	EndGlobalSection
	GlobalSection(ProjectConfigurationPlatforms) = postSolution
		{8D6F5D69-4B55-4351-91BE-0916B0EC3214}.Debug|Any CPU.ActiveCfg = Debug|Any CPU
		{8D6F5D69-4B55-4351-91BE-0916B0EC3214}.Debug|Any CPU.Build.0 = Debug|Any CPU
		{8D6F5D69-4B55-4351-91BE-0916B0EC3214}.Release|Any CPU.ActiveCfg = Release|Any CPU
		{8D6F5D69-4B55-4351-91BE-0916B0EC3214}.Release|Any CPU.Build.0 = Release|Any CPU
		{A4150FC9-17D8-4348-900B-7E2A0A764F07}.Debug|Any CPU.ActiveCfg = Debug|Any CPU
		{A4150FC9-17D8-4348-900B-7E2A0A764F07}.Debug|Any CPU.Build.0 = Debug|Any CPU
		{A4150FC9-17D8-4348-900B-7E2A0A764F07}.Release|Any CPU.ActiveCfg = Release|Any CPU
		{A4150FC9-17D8-4348-900B-7E2A0A764F07}.Release|Any CPU.Build.0 = Release|Any CPU
	EndGlobalSection
	GlobalSection(SolutionProperties) = preSolution
		HideSolutionNode = FALSE
	EndGlobalSection
	GlobalSection(ExtensibilityGlobals) = postSolution
		SolutionGuid = {776E05DF-A74A-44E6-870C-0550F08340FB}
	EndGlobalSection
EndGlobal
