
Microsoft Visual Studio Solution File, Format Version 12.00
# Visual Studio Version 16
VisualStudioVersion = 16.0.30611.23
MinimumVisualStudioVersion = 10.0.40219.1
Project("{FAE04EC0-301F-11D3-BF4B-00C04F79EFBC}") = "ConsoleApp1", "ConsoleApp1\ConsoleApp1.csproj", "{9B02CA70-6BA6-4C67-B012-89432B5385F6}"
EndProject
Project("{FAE04EC0-301F-11D3-BF4B-00C04F79EFBC}") = "NUnitTestProject1", "NUnitTestProject1\NUnitTestProject1.csproj", "{F687D596-F23F-4766-AF59-68279FAB8BB5}"
EndProject
Global
	GlobalSection(SolutionConfigurationPlatforms) = preSolution
		Debug|Any CPU = Debug|Any CPU
		Release|Any CPU = Release|Any CPU
	EndGlobalSection
	GlobalSection(ProjectConfigurationPlatforms) = postSolution
		{9B02CA70-6BA6-4C67-B012-89432B5385F6}.Debug|Any CPU.ActiveCfg = Debug|Any CPU
		{9B02CA70-6BA6-4C67-B012-89432B5385F6}.Debug|Any CPU.Build.0 = Debug|Any CPU
		{9B02CA70-6BA6-4C67-B012-89432B5385F6}.Release|Any CPU.ActiveCfg = Release|Any CPU
		{9B02CA70-6BA6-4C67-B012-89432B5385F6}.Release|Any CPU.Build.0 = Release|Any CPU
		{F687D596-F23F-4766-AF59-68279FAB8BB5}.Debug|Any CPU.ActiveCfg = Debug|Any CPU
		{F687D596-F23F-4766-AF59-68279FAB8BB5}.Debug|Any CPU.Build.0 = Debug|Any CPU
		{F687D596-F23F-4766-AF59-68279FAB8BB5}.Release|Any CPU.ActiveCfg = Release|Any CPU
		{F687D596-F23F-4766-AF59-68279FAB8BB5}.Release|Any CPU.Build.0 = Release|Any CPU
	EndGlobalSection
	GlobalSection(SolutionProperties) = preSolution
		HideSolutionNode = FALSE
	EndGlobalSection
	GlobalSection(ExtensibilityGlobals) = postSolution
		SolutionGuid = {8B459663-C418-42AA-BB53-D79B30ED5BBC}
	EndGlobalSection
EndGlobal
